// !$*UTF8*$!
{
	archiveVersion = 1;
	classes = {
	};
	objectVersion = 56;
	objects = {

/* Begin PBXBuildFile section */
		09CD191A2D48A75D00F84DCB /* employeeApp.swift in Sources */ = {isa = PBXBuildFile; fileRef = 09CD19192D48A75D00F84DCB /* employeeApp.swift */; };
		09CD191E2D48A76100F84DCB /* Assets.xcassets in Resources */ = {isa = PBXBuildFile; fileRef = 09CD191D2D48A76100F84DCB /* Assets.xcassets */; };
		09CD19212D48A76100F84DCB /* Preview Assets.xcassets in Resources */ = {isa = PBXBuildFile; fileRef = 09CD19202D48A76100F84DCB /* Preview Assets.xcassets */; };
		09CD19292D48A77800F84DCB /* NetworkManager.swift in Sources */ = {isa = PBXBuildFile; fileRef = 09CD19282D48A77800F84DCB /* NetworkManager.swift */; };
		09CD192C2D48A9A100F84DCB /* EmployeeModel.swift in Sources */ = {isa = PBXBuildFile; fileRef = 09CD192B2D48A9A100F84DCB /* EmployeeModel.swift */; };
		09CD192F2D48AC8600F84DCB /* ApiConstants.swift in Sources */ = {isa = PBXBuildFile; fileRef = 09CD192E2D48AC8600F84DCB /* ApiConstants.swift */; };
		09CD19322D48ACCA00F84DCB /* EmployeeViewModel.swift in Sources */ = {isa = PBXBuildFile; fileRef = 09CD19312D48ACCA00F84DCB /* EmployeeViewModel.swift */; };
		09CD19352D48FA4C00F84DCB /* EmployeeListView.swift in Sources */ = {isa = PBXBuildFile; fileRef = 09CD19342D48FA4C00F84DCB /* EmployeeListView.swift */; };
/* End PBXBuildFile section */

/* Begin PBXFileReference section */
		09CD19162D48A75D00F84DCB /* employee.app */ = {isa = PBXFileReference; explicitFileType = wrapper.application; includeInIndex = 0; path = employee.app; sourceTree = BUILT_PRODUCTS_DIR; };
		09CD19192D48A75D00F84DCB /* employeeApp.swift */ = {isa = PBXFileReference; lastKnownFileType = sourcecode.swift; path = employeeApp.swift; sourceTree = "<group>"; };
		09CD191D2D48A76100F84DCB /* Assets.xcassets */ = {isa = PBXFileReference; lastKnownFileType = folder.assetcatalog; path = Assets.xcassets; sourceTree = "<group>"; };
		09CD19202D48A76100F84DCB /* Preview Assets.xcassets */ = {isa = PBXFileReference; lastKnownFileType = folder.assetcatalog; path = "Preview Assets.xcassets"; sourceTree = "<group>"; };
		09CD19282D48A77800F84DCB /* NetworkManager.swift */ = {isa = PBXFileReference; lastKnownFileType = sourcecode.swift; path = NetworkManager.swift; sourceTree = "<group>"; };
		09CD192B2D48A9A100F84DCB /* EmployeeModel.swift */ = {isa = PBXFileReference; lastKnownFileType = sourcecode.swift; path = EmployeeModel.swift; sourceTree = "<group>"; };
		09CD192E2D48AC8600F84DCB /* ApiConstants.swift */ = {isa = PBXFileReference; lastKnownFileType = sourcecode.swift; path = ApiConstants.swift; sourceTree = "<group>"; };
		09CD19312D48ACCA00F84DCB /* EmployeeViewModel.swift */ = {isa = PBXFileReference; lastKnownFileType = sourcecode.swift; path = EmployeeViewModel.swift; sourceTree = "<group>"; };
		09CD19342D48FA4C00F84DCB /* EmployeeListView.swift */ = {isa = PBXFileReference; lastKnownFileType = sourcecode.swift; path = EmployeeListView.swift; sourceTree = "<group>"; };
/* End PBXFileReference section */

/* Begin PBXFrameworksBuildPhase section */
		09CD19132D48A75D00F84DCB /* Frameworks */ = {
			isa = PBXFrameworksBuildPhase;
			buildActionMask = 2147483647;
			files = (
			);
			runOnlyForDeploymentPostprocessing = 0;
		};
/* End PBXFrameworksBuildPhase section */

/* Begin PBXGroup section */
		09CD190D2D48A75D00F84DCB = {
			isa = PBXGroup;
			children = (
				09CD19182D48A75D00F84DCB /* employee */,
				09CD19172D48A75D00F84DCB /* Products */,
			);
			sourceTree = "<group>";
		};
		09CD19172D48A75D00F84DCB /* Products */ = {
			isa = PBXGroup;
			children = (
				09CD19162D48A75D00F84DCB /* employee.app */,
			);
			name = Products;
			sourceTree = "<group>";
		};
		09CD19182D48A75D00F84DCB /* employee */ = {
			isa = PBXGroup;
			children = (
				09CD192A2D48A98600F84DCB /* Model */,
				09CD19302D48ACB500F84DCB /* ViewModel */,
				09CD19332D48FA3D00F84DCB /* View */,
				09CD192D2D48AC7400F84DCB /* Constants  */,
				09CD19272D48A76800F84DCB /* Network */,
				09CD19192D48A75D00F84DCB /* employeeApp.swift */,
				09CD191D2D48A76100F84DCB /* Assets.xcassets */,
				09CD191F2D48A76100F84DCB /* Preview Content */,
			);
			path = employee;
			sourceTree = "<group>";
		};
		09CD191F2D48A76100F84DCB /* Preview Content */ = {
			isa = PBXGroup;
			children = (
				09CD19202D48A76100F84DCB /* Preview Assets.xcassets */,
			);
			path = "Preview Content";
			sourceTree = "<group>";
		};
		09CD19272D48A76800F84DCB /* Network */ = {
			isa = PBXGroup;
			children = (
				09CD19282D48A77800F84DCB /* NetworkManager.swift */,
			);
			path = Network;
			sourceTree = "<group>";
		};
		09CD192A2D48A98600F84DCB /* Model */ = {
			isa = PBXGroup;
			children = (
				09CD192B2D48A9A100F84DCB /* EmployeeModel.swift */,
			);
			path = Model;
			sourceTree = "<group>";
		};
		09CD192D2D48AC7400F84DCB /* Constants  */ = {
			isa = PBXGroup;
			children = (
				09CD192E2D48AC8600F84DCB /* ApiConstants.swift */,
			);
			path = "Constants ";
			sourceTree = "<group>";
		};
		09CD19302D48ACB500F84DCB /* ViewModel */ = {
			isa = PBXGroup;
			children = (
				09CD19312D48ACCA00F84DCB /* EmployeeViewModel.swift */,
			);
			path = ViewModel;
			sourceTree = "<group>";
		};
		09CD19332D48FA3D00F84DCB /* View */ = {
			isa = PBXGroup;
			children = (
				09CD19342D48FA4C00F84DCB /* EmployeeListView.swift */,
			);
			path = View;
			sourceTree = "<group>";
		};
/* End PBXGroup section */

/* Begin PBXNativeTarget section */
		09CD19152D48A75D00F84DCB /* employee */ = {
			isa = PBXNativeTarget;
			buildConfigurationList = 09CD19242D48A76100F84DCB /* Build configuration list for PBXNativeTarget "employee" */;
			buildPhases = (
				09CD19122D48A75D00F84DCB /* Sources */,
				09CD19132D48A75D00F84DCB /* Frameworks */,
				09CD19142D48A75D00F84DCB /* Resources */,
			);
			buildRules = (
			);
			dependencies = (
			);
			name = employee;
			productName = employee;
			productReference = 09CD19162D48A75D00F84DCB /* employee.app */;
			productType = "com.apple.product-type.application";
		};
/* End PBXNativeTarget section */

/* Begin PBXProject section */
		09CD190E2D48A75D00F84DCB /* Project object */ = {
			isa = PBXProject;
			attributes = {
				BuildIndependentTargetsInParallel = 1;
				LastSwiftUpdateCheck = 1530;
				LastUpgradeCheck = 1530;
				TargetAttributes = {
					09CD19152D48A75D00F84DCB = {
						CreatedOnToolsVersion = 15.3;
					};
				};
			};
			buildConfigurationList = 09CD19112D48A75D00F84DCB /* Build configuration list for PBXProject "employee" */;
			compatibilityVersion = "Xcode 14.0";
			developmentRegion = en;
			hasScannedForEncodings = 0;
			knownRegions = (
				en,
				Base,
			);
			mainGroup = 09CD190D2D48A75D00F84DCB;
			productRefGroup = 09CD19172D48A75D00F84DCB /* Products */;
			projectDirPath = "";
			projectRoot = "";
			targets = (
				09CD19152D48A75D00F84DCB /* employee */,
			);
		};
/* End PBXProject section */

/* Begin PBXResourcesBuildPhase section */
		09CD19142D48A75D00F84DCB /* Resources */ = {
			isa = PBXResourcesBuildPhase;
			buildActionMask = 2147483647;
			files = (
				09CD19212D48A76100F84DCB /* Preview Assets.xcassets in Resources */,
				09CD191E2D48A76100F84DCB /* Assets.xcassets in Resources */,
			);
			runOnlyForDeploymentPostprocessing = 0;
		};
/* End PBXResourcesBuildPhase section */

/* Begin PBXSourcesBuildPhase section */
		09CD19122D48A75D00F84DCB /* Sources */ = {
			isa = PBXSourcesBuildPhase;
			buildActionMask = 2147483647;
			files = (
				09CD19292D48A77800F84DCB /* NetworkManager.swift in Sources */,
				09CD19352D48FA4C00F84DCB /* EmployeeListView.swift in Sources */,
				09CD192F2D48AC8600F84DCB /* ApiConstants.swift in Sources */,
				09CD191A2D48A75D00F84DCB /* employeeApp.swift in Sources */,
				09CD19322D48ACCA00F84DCB /* EmployeeViewModel.swift in Sources */,
				09CD192C2D48A9A100F84DCB /* EmployeeModel.swift in Sources */,
			);
			runOnlyForDeploymentPostprocessing = 0;
		};
/* End PBXSourcesBuildPhase section */

/* Begin XCBuildConfiguration section */
		09CD19222D48A76100F84DCB /* Debug */ = {
			isa = XCBuildConfiguration;
			buildSettings = {
				ALWAYS_SEARCH_USER_PATHS = NO;
				ASSETCATALOG_COMPILER_GENERATE_SWIFT_ASSET_SYMBOL_EXTENSIONS = YES;
				CLANG_ANALYZER_NONNULL = YES;
				CLANG_ANALYZER_NUMBER_OBJECT_CONVERSION = YES_AGGRESSIVE;
				CLANG_CXX_LANGUAGE_STANDARD = "gnu++20";
				CLANG_ENABLE_MODULES = YES;
				CLANG_ENABLE_OBJC_ARC = YES;
				CLANG_ENABLE_OBJC_WEAK = YES;
				CLANG_WARN_BLOCK_CAPTURE_AUTORELEASING = YES;
				CLANG_WARN_BOOL_CONVERSION = YES;
				CLANG_WARN_COMMA = YES;
				CLANG_WARN_CONSTANT_CONVERSION = YES;
				CLANG_WARN_DEPRECATED_OBJC_IMPLEMENTATIONS = YES;
				CLANG_WARN_DIRECT_OBJC_ISA_USAGE = YES_ERROR;
				CLANG_WARN_DOCUMENTATION_COMMENTS = YES;
				CLANG_WARN_EMPTY_BODY = YES;
				CLANG_WARN_ENUM_CONVERSION = YES;
				CLANG_WARN_INFINITE_RECURSION = YES;
				CLANG_WARN_INT_CONVERSION = YES;
				CLANG_WARN_NON_LITERAL_NULL_CONVERSION = YES;
				CLANG_WARN_OBJC_IMPLICIT_RETAIN_SELF = YES;
				CLANG_WARN_OBJC_LITERAL_CONVERSION = YES;
				CLANG_WARN_OBJC_ROOT_CLASS = YES_ERROR;
				CLANG_WARN_QUOTED_INCLUDE_IN_FRAMEWORK_HEADER = YES;
				CLANG_WARN_RANGE_LOOP_ANALYSIS = YES;
				CLANG_WARN_STRICT_PROTOTYPES = YES;
				CLANG_WARN_SUSPICIOUS_MOVE = YES;
				CLANG_WARN_UNGUARDED_AVAILABILITY = YES_AGGRESSIVE;
				CLANG_WARN_UNREACHABLE_CODE = YES;
				CLANG_WARN__DUPLICATE_METHOD_MATCH = YES;
				COPY_PHASE_STRIP = NO;
				DEBUG_INFORMATION_FORMAT = dwarf;
				ENABLE_STRICT_OBJC_MSGSEND = YES;
				ENABLE_TESTABILITY = YES;
				ENABLE_USER_SCRIPT_SANDBOXING = YES;
				GCC_C_LANGUAGE_STANDARD = gnu17;
				GCC_DYNAMIC_NO_PIC = NO;
				GCC_NO_COMMON_BLOCKS = YES;
				GCC_OPTIMIZATION_LEVEL = 0;
				GCC_PREPROCESSOR_DEFINITIONS = (
					"DEBUG=1",
					"$(inherited)",
				);
				GCC_WARN_64_TO_32_BIT_CONVERSION = YES;
				GCC_WARN_ABOUT_RETURN_TYPE = YES_ERROR;
				GCC_WARN_UNDECLARED_SELECTOR = YES;
				GCC_WARN_UNINITIALIZED_AUTOS = YES_AGGRESSIVE;
				GCC_WARN_UNUSED_FUNCTION = YES;
				GCC_WARN_UNUSED_VARIABLE = YES;
				IPHONEOS_DEPLOYMENT_TARGET = 17.4;
				LOCALIZATION_PREFERS_STRING_CATALOGS = YES;
				MTL_ENABLE_DEBUG_INFO = INCLUDE_SOURCE;
				MTL_FAST_MATH = YES;
				ONLY_ACTIVE_ARCH = YES;
				SDKROOT = iphoneos;
				SWIFT_ACTIVE_COMPILATION_CONDITIONS = "DEBUG $(inherited)";
				SWIFT_OPTIMIZATION_LEVEL = "-Onone";
			};
			name = Debug;
		};
		09CD19232D48A76100F84DCB /* Release */ = {
			isa = XCBuildConfiguration;
			buildSettings = {
				ALWAYS_SEARCH_USER_PATHS = NO;
				ASSETCATALOG_COMPILER_GENERATE_SWIFT_ASSET_SYMBOL_EXTENSIONS = YES;
				CLANG_ANALYZER_NONNULL = YES;
				CLANG_ANALYZER_NUMBER_OBJECT_CONVERSION = YES_AGGRESSIVE;
				CLANG_CXX_LANGUAGE_STANDARD = "gnu++20";
				CLANG_ENABLE_MODULES = YES;
				CLANG_ENABLE_OBJC_ARC = YES;
				CLANG_ENABLE_OBJC_WEAK = YES;
				CLANG_WARN_BLOCK_CAPTURE_AUTORELEASING = YES;
				CLANG_WARN_BOOL_CONVERSION = YES;
				CLANG_WARN_COMMA = YES;
				CLANG_WARN_CONSTANT_CONVERSION = YES;
				CLANG_WARN_DEPRECATED_OBJC_IMPLEMENTATIONS = YES;
				CLANG_WARN_DIRECT_OBJC_ISA_USAGE = YES_ERROR;
				CLANG_WARN_DOCUMENTATION_COMMENTS = YES;
				CLANG_WARN_EMPTY_BODY = YES;
				CLANG_WARN_ENUM_CONVERSION = YES;
				CLANG_WARN_INFINITE_RECURSION = YES;
				CLANG_WARN_INT_CONVERSION = YES;
				CLANG_WARN_NON_LITERAL_NULL_CONVERSION = YES;
				CLANG_WARN_OBJC_IMPLICIT_RETAIN_SELF = YES;
				CLANG_WARN_OBJC_LITERAL_CONVERSION = YES;
				CLANG_WARN_OBJC_ROOT_CLASS = YES_ERROR;
				CLANG_WARN_QUOTED_INCLUDE_IN_FRAMEWORK_HEADER = YES;
				CLANG_WARN_RANGE_LOOP_ANALYSIS = YES;
				CLANG_WARN_STRICT_PROTOTYPES = YES;
				CLANG_WARN_SUSPICIOUS_MOVE = YES;
				CLANG_WARN_UNGUARDED_AVAILABILITY = YES_AGGRESSIVE;
				CLANG_WARN_UNREACHABLE_CODE = YES;
				CLANG_WARN__DUPLICATE_METHOD_MATCH = YES;
				COPY_PHASE_STRIP = NO;
				DEBUG_INFORMATION_FORMAT = "dwarf-with-dsym";
				ENABLE_NS_ASSERTIONS = NO;
				ENABLE_STRICT_OBJC_MSGSEND = YES;
				ENABLE_USER_SCRIPT_SANDBOXING = YES;
				GCC_C_LANGUAGE_STANDARD = gnu17;
				GCC_NO_COMMON_BLOCKS = YES;
				GCC_WARN_64_TO_32_BIT_CONVERSION = YES;
				GCC_WARN_ABOUT_RETURN_TYPE = YES_ERROR;
				GCC_WARN_UNDECLARED_SELECTOR = YES;
				GCC_WARN_UNINITIALIZED_AUTOS = YES_AGGRESSIVE;
				GCC_WARN_UNUSED_FUNCTION = YES;
				GCC_WARN_UNUSED_VARIABLE = YES;
				IPHONEOS_DEPLOYMENT_TARGET = 17.4;
				LOCALIZATION_PREFERS_STRING_CATALOGS = YES;
				MTL_ENABLE_DEBUG_INFO = NO;
				MTL_FAST_MATH = YES;
				SDKROOT = iphoneos;
				SWIFT_COMPILATION_MODE = wholemodule;
				VALIDATE_PRODUCT = YES;
			};
			name = Release;
		};
		09CD19252D48A76100F84DCB /* Debug */ = {
			isa = XCBuildConfiguration;
			buildSettings = {
				ASSETCATALOG_COMPILER_APPICON_NAME = AppIcon;
				ASSETCATALOG_COMPILER_GLOBAL_ACCENT_COLOR_NAME = AccentColor;
				CODE_SIGN_STYLE = Automatic;
				CURRENT_PROJECT_VERSION = 1;
				DEVELOPMENT_ASSET_PATHS = "\"employee/Preview Content\"";
				DEVELOPMENT_TEAM = 8UTY2MLQS9;
				ENABLE_PREVIEWS = YES;
				GENERATE_INFOPLIST_FILE = YES;
				INFOPLIST_KEY_UIApplicationSceneManifest_Generation = YES;
				INFOPLIST_KEY_UIApplicationSupportsIndirectInputEvents = YES;
				INFOPLIST_KEY_UILaunchScreen_Generation = YES;
				INFOPLIST_KEY_UISupportedInterfaceOrientations_iPad = "UIInterfaceOrientationPortrait UIInterfaceOrientationPortraitUpsideDown UIInterfaceOrientationLandscapeLeft UIInterfaceOrientationLandscapeRight";
				INFOPLIST_KEY_UISupportedInterfaceOrientations_iPhone = "UIInterfaceOrientationPortrait UIInterfaceOrientationLandscapeLeft UIInterfaceOrientationLandscapeRight";
				LD_RUNPATH_SEARCH_PATHS = (
					"$(inherited)",
					"@executable_path/Frameworks",
				);
				MARKETING_VERSION = 1.0;
				PRODUCT_BUNDLE_IDENTIFIER = "totality-corp.employee";
				PRODUCT_NAME = "$(TARGET_NAME)";
				SWIFT_EMIT_LOC_STRINGS = YES;
				SWIFT_VERSION = 5.0;
				TARGETED_DEVICE_FAMILY = "1,2";
			};
			name = Debug;
		};
		09CD19262D48A76100F84DCB /* Release */ = {
			isa = XCBuildConfiguration;
			buildSettings = {
				ASSETCATALOG_COMPILER_APPICON_NAME = AppIcon;
				ASSETCATALOG_COMPILER_GLOBAL_ACCENT_COLOR_NAME = AccentColor;
				CODE_SIGN_STYLE = Automatic;
				CURRENT_PROJECT_VERSION = 1;
				DEVELOPMENT_ASSET_PATHS = "\"employee/Preview Content\"";
				DEVELOPMENT_TEAM = 8UTY2MLQS9;
				ENABLE_PREVIEWS = YES;
				GENERATE_INFOPLIST_FILE = YES;
				INFOPLIST_KEY_UIApplicationSceneManifest_Generation = YES;
				INFOPLIST_KEY_UIApplicationSupportsIndirectInputEvents = YES;
				INFOPLIST_KEY_UILaunchScreen_Generation = YES;
				INFOPLIST_KEY_UISupportedInterfaceOrientations_iPad = "UIInterfaceOrientationPortrait UIInterfaceOrientationPortraitUpsideDown UIInterfaceOrientationLandscapeLeft UIInterfaceOrientationLandscapeRight";
				INFOPLIST_KEY_UISupportedInterfaceOrientations_iPhone = "UIInterfaceOrientationPortrait UIInterfaceOrientationLandscapeLeft UIInterfaceOrientationLandscapeRight";
				LD_RUNPATH_SEARCH_PATHS = (
					"$(inherited)",
					"@executable_path/Frameworks",
				);
				MARKETING_VERSION = 1.0;
				PRODUCT_BUNDLE_IDENTIFIER = "totality-corp.employee";
				PRODUCT_NAME = "$(TARGET_NAME)";
				SWIFT_EMIT_LOC_STRINGS = YES;
				SWIFT_VERSION = 5.0;
				TARGETED_DEVICE_FAMILY = "1,2";
			};
			name = Release;
		};
/* End XCBuildConfiguration section */

/* Begin XCConfigurationList section */
		09CD19112D48A75D00F84DCB /* Build configuration list for PBXProject "employee" */ = {
			isa = XCConfigurationList;
			buildConfigurations = (
				09CD19222D48A76100F84DCB /* Debug */,
				09CD19232D48A76100F84DCB /* Release */,
			);
			defaultConfigurationIsVisible = 0;
			defaultConfigurationName = Release;
		};
		09CD19242D48A76100F84DCB /* Build configuration list for PBXNativeTarget "employee" */ = {
			isa = XCConfigurationList;
			buildConfigurations = (
				09CD19252D48A76100F84DCB /* Debug */,
				09CD19262D48A76100F84DCB /* Release */,
			);
			defaultConfigurationIsVisible = 0;
			defaultConfigurationName = Release;
		};
/* End XCConfigurationList section */
	};
	rootObject = 09CD190E2D48A75D00F84DCB /* Project object */;
}
